
Microsoft Visual Studio Solution File, Format Version 12.00
# Visual Studio Version 16
VisualStudioVersion = 16.0.31624.102
MinimumVisualStudioVersion = 10.0.40219.1
Project("{FAE04EC0-301F-11D3-BF4B-00C04F79EFBC}") = "EcoModeSwitcher", "EcoModeSwitcher\EcoModeSwitcher.csproj", "{7D0DF395-6742-49C0-B203-0D76BE420E6E}"
EndProject
Project("{2150E333-8FDC-42A3-9474-1A3956D46DE8}") = "Test", "Test", "{6FE6C708-F8DE-4E23-ACCA-A07D5D48F989}"
EndProject
Project("{FAE04EC0-301F-11D3-BF4B-00C04F79EFBC}") = "EcoModeSwitcherTest", "EcoModeSwitcherTest\EcoModeSwitcherTest.csproj", "{6FA61484-A554-4A44-AA08-097C6E2C1C5C}"
EndProject
Global
	GlobalSection(SolutionConfigurationPlatforms) = preSolution
		Debug|Any CPU = Debug|Any CPU
		Release|Any CPU = Release|Any CPU
	EndGlobalSection
	GlobalSection(ProjectConfigurationPlatforms) = postSolution
		{7D0DF395-6742-49C0-B203-0D76BE420E6E}.Debug|Any CPU.ActiveCfg = Debug|Any CPU
		{7D0DF395-6742-49C0-B203-0D76BE420E6E}.Debug|Any CPU.Build.0 = Debug|Any CPU
		{7D0DF395-6742-49C0-B203-0D76BE420E6E}.Release|Any CPU.ActiveCfg = Release|Any CPU
		{7D0DF395-6742-49C0-B203-0D76BE420E6E}.Release|Any CPU.Build.0 = Release|Any CPU
		{6FA61484-A554-4A44-AA08-097C6E2C1C5C}.Debug|Any CPU.ActiveCfg = Debug|Any CPU
		{6FA61484-A554-4A44-AA08-097C6E2C1C5C}.Debug|Any CPU.Build.0 = Debug|Any CPU
		{6FA61484-A554-4A44-AA08-097C6E2C1C5C}.Release|Any CPU.ActiveCfg = Release|Any CPU
		{6FA61484-A554-4A44-AA08-097C6E2C1C5C}.Release|Any CPU.Build.0 = Release|Any CPU
	EndGlobalSection
	GlobalSection(SolutionProperties) = preSolution
		HideSolutionNode = FALSE
	EndGlobalSection
	GlobalSection(NestedProjects) = preSolution
		{6FA61484-A554-4A44-AA08-097C6E2C1C5C} = {6FE6C708-F8DE-4E23-ACCA-A07D5D48F989}
	EndGlobalSection
	GlobalSection(ExtensibilityGlobals) = postSolution
		SolutionGuid = {03D92930-FA93-4AE5-9F99-B6A3D2E3DEF0}
	EndGlobalSection
EndGlobal
